{"1.1.0",
[{<<"cf">>,{pkg,<<"cf">>,<<"0.2.2">>},1},
 {<<"ddb_client">>,{pkg,<<"ddb_client">>,<<"0.5.7">>},1},
 {<<"ddb_connection">>,{pkg,<<"ddb_connection">>,<<"0.4.3">>},0},
 {<<"dflow">>,{pkg,<<"dflow">>,<<"0.3.0">>},0},
 {<<"dproto">>,{pkg,<<"dproto">>,<<"0.5.2">>},0},
 {<<"dqe_fun">>,{pkg,<<"dqe_fun">>,<<"0.2.1">>},0},
 {<<"dqe_idx">>,{pkg,<<"dqe_idx">>,<<"0.4.3">>},0},
 {<<"dqe_idx_ddb">>,{pkg,<<"dqe_idx_ddb">>,<<"0.5.1">>},0},
 {<<"dqe_idx_pg">>,{pkg,<<"dqe_idx_pg">>,<<"0.5.7">>},0},
 {<<"dynamic_compile">>,{pkg,<<"dynamic_compile">>,<<"1.0.0">>},1},
 {<<"epgsql">>,{pkg,<<"epgsql">>,<<"3.3.0">>},2},
 {<<"erlware_commons">>,{pkg,<<"erlware_commons">>,<<"1.0.0">>},0},
 {<<"goldrush">>,{pkg,<<"goldrush">>,<<"0.1.9">>},1},
 {<<"hdr_histogram">>,{pkg,<<"hdr_histogram">>,<<"0.3.2">>},0},
 {<<"ibrowse">>,{pkg,<<"ibrowse">>,<<"4.4.0">>},1},
 {<<"jsxd">>,{pkg,<<"jsxd">>,<<"0.2.4">>},1},
 {<<"lager">>,{pkg,<<"lager">>,<<"3.2.4">>},0},
 {<<"mmath">>,{pkg,<<"mmath">>,<<"0.2.19">>},0},
 {<<"otters">>,{pkg,<<"otters">>,<<"0.2.10">>},0},
 {<<"pgapp">>,{pkg,<<"pgapp">>,<<"0.0.2">>},1},
 {<<"poolboy">>,{pkg,<<"poolboy">>,<<"1.5.1">>},1},
 {<<"qdate">>,
  {git,"https://github.com/dalmatinerdb/qdate.git",
       {ref,"fcfb8105014b8bef19f50dd89647c0e58dae0903"}},
  0},
 {<<"qdate_localtime">>,{pkg,<<"qdate_localtime">>,<<"1.1.0">>},1},
 {<<"snappiest">>,{pkg,<<"snappiest">>,<<"1.2.0">>},1},
 {<<"sqlmig">>,{pkg,<<"sqlmig">>,<<"0.1.5">>},1}]}.
[
{pkg_hash,[
 {<<"cf">>, <<"7F2913FFF90ABCABD0F489896CFEB0B0674F6C8DF6C10B17A83175448029896C">>},
 {<<"ddb_client">>, <<"1BC5836D3EB6786778F6DD202B64D4649DAA44C8882FA2001BB22C1CA17C72E1">>},
 {<<"ddb_connection">>, <<"B74F010840917CFAF6088391DCC9B91A1036213E4DDF2B58B4F7FBC00AEA01C2">>},
 {<<"dflow">>, <<"DA0EB8F14B01ED894BD32F1CEE3B13646DFC30FA60D59B408BFCD0653E0984D7">>},
 {<<"dproto">>, <<"D1C9929353589BD395CAB3E5C6E1CFC4DC8B0660527145E2DD221771D4467ABD">>},
 {<<"dqe_fun">>, <<"6A634A0DC40D82365C7DE8BFEE6485E1A64770E6568497DEA70926DF46CE9B7C">>},
 {<<"dqe_idx">>, <<"275F45869B1791BE6679D6B4A250C72CF43636CB4B3F2213E5D4AA6F8E0F1CF2">>},
 {<<"dqe_idx_ddb">>, <<"8E0F6034A3890293A620293BC384BF1DDC8D9124985F56B304D6996603483EF2">>},
 {<<"dqe_idx_pg">>, <<"E6B24FEF5DD8F323FA14F67DB76DE15C0636B579E0CE6C5A3968CAD5EC3C0712">>},
 {<<"dynamic_compile">>, <<"8171B2CB4953EA3ED2EF63F5B26ABF677ACD0CA32210C2A08A7A8406A743F76B">>},
 {<<"epgsql">>, <<"974A578340E52012CBAB820CE756E7ED1DF1BAF0110C59A6753D8337A2CF9454">>},
 {<<"erlware_commons">>, <<"087467DE5833C0BB5B3CCDD387F9E9C1FB816A75B7A709629BF24B5ED3246C51">>},
 {<<"goldrush">>, <<"F06E5D5F1277DA5C413E84D5A2924174182FB108DABB39D5EC548B27424CD106">>},
 {<<"hdr_histogram">>, <<"11F4DB284E254614A2164EEF0BFCAB70F9F053481DB428D65E0ACB4B71DB2E4F">>},
 {<<"ibrowse">>, <<"2D923325EFE0D2CB09B9C6A047B2835A5EDA69D8A47ED6FF8BC03628B764E991">>},
 {<<"jsxd">>, <<"C14114AFCA463F2D03D3FB6CC81FD51CDA8CA86A47E5AC3ABDF0CA572A73A413">>},
 {<<"lager">>, <<"A6DEB74DAE7927F46BD13255268308EF03EB206EC784A94EAF7C1C0F3B811615">>},
 {<<"mmath">>, <<"8549F4A2A9C5239323A252974DAE8B40B61BE88826A0EF7E8077900DE943F9E6">>},
 {<<"otters">>, <<"31A7B47D50E14B15CAE380D060F666A54A2D79688BCC29D4CCB70E2FE05B0EA8">>},
 {<<"pgapp">>, <<"3E104BB777C8455D8B26D1538B67ABE0188EE97B1DF973FD936C2204CB316196">>},
 {<<"poolboy">>, <<"6B46163901CFD0A1B43D692657ED9D7E599853B3B21B95AE5AE0A777CF9B6CA8">>},
 {<<"qdate_localtime">>, <<"5F6C3ACF10ECC5A7E2EFA3DCD2C863102B962188DBD9E086EC01D29FE029DA29">>},
 {<<"snappiest">>, <<"25706FEBB5ECAEA900D879A89C6D967C8D1BF700F8546BEBD0DEA514A8CCBFB7">>},
 {<<"sqlmig">>, <<"8208D222A9335C1B1171F4FD1CE4150CF28B1FDF37CA9A66715AC434ED9B9AF4">>}]}
].
