[{<<"erlware_commons">>,
  {git,"git://github.com/erlware/erlware_commons.git",
       {ref,"83adceaa1abc1af5358a61601b17d10c43e6d7a1"}},
  1},
 {<<"erlang_localtime">>,
  {git,"git://github.com/choptastic/erlang_localtime.git",
       {ref,"66f2e225f0e5b1ae3a8bb1005d759ee87032f388"}},
  1},
 {<<"qdate">>,
  {git,"https://github.com/choptastic/qdate.git",
       {ref,"4135dfa8e36eb531b9fdbea8ccbce597231864fe"}},
  0},
 {<<"poolboy">>,
  {git,"https://github.com/devinus/poolboy.git",
       {ref,"3bb48a893ff5598f7c73731ac17545206d259fac"}},
  0},
 {<<"mmath">>,
  {git,"https://github.com/DalmatinerDB/mmath.git",
       {ref,"c2cbc8464a6152e1d280a8a5fd6420dbe6620150"}},
  0},
 {<<"dproto">>,
  {git,"git://github.com/dalmatinerdb/dproto.git",
       {ref,"c17833c17f135f9262a678573531551b4ac752f3"}},
  0},
 {<<"dflow">>,
  {git,"https://github.com/DalmatinerDB/dflow.git",
       {ref,"a135a02dd94f4fe5f46371cf6e73ffd2c25e656a"}},
  0},
 {<<"ddb_client">>,
  {git,"git://github.com/dalmatinerdb/ddb_client.git",
       {ref,"52cda657b664b143dc35f74f7da9755fbc0f296e"}},
  0}].
