[{<<"ddb_client">>,{pkg,<<"ddb_client">>,<<"0.1.14">>},0},
 {<<"dflow">>,{pkg,<<"dflow">>,<<"0.1.5">>},0},
 {<<"dproto">>,{pkg,<<"dproto">>,<<"0.1.10">>},0},
 {<<"erlang_localtime">>,
  {git,"git://github.com/choptastic/erlang_localtime.git",
       {ref,"bd0083ffe6107537a555133c9b94656ca5c854f3"}},
  1},
 {<<"erlware_commons">>,
  {git,"git://github.com/erlware/erlware_commons.git",
       {ref,"49bc69e35a282bde4a0a6a8f211b5f77d8585256"}},
  1},
 {<<"goldrush">>,{pkg,<<"goldrush">>,<<"0.1.6">>},1},
 {<<"lager">>,{pkg,<<"lager">>,<<"2.1.1">>},0},
 {<<"mmath">>,{pkg,<<"mmath">>,<<"0.1.14">>},0},
 {<<"poolboy">>,{pkg,<<"poolboy">>,<<"1.5.1">>},0},
 {<<"qdate">>,
  {git,"https://github.com/choptastic/qdate.git",
       {ref,"4135dfa8e36eb531b9fdbea8ccbce597231864fe"}},
  0}].
